
Microsoft Visual Studio Solution File, Format Version 12.00
# Visual Studio Version 17
VisualStudioVersion = 17.2.32516.85
MinimumVisualStudioVersion = 10.0.40219.1
Project("{2150E333-8FDC-42A3-9474-1A3956D46DE8}") = "ArrayString", "ArrayString", "{A2684E46-5797-4E01-9834-0464155EE2B8}"
EndProject
Project("{FAE04EC0-301F-11D3-BF4B-00C04F79EFBC}") = "TwoSum", "TwoSum\TwoSum.csproj", "{041AB2F3-3CCD-40FC-9162-AD4F4BC88EEB}"
EndProject
Project("{FAE04EC0-301F-11D3-BF4B-00C04F79EFBC}") = "ValidPalindrome", "ValidPalindrome\ValidPalindrome.csproj", "{2A51E6B5-5CE6-4822-884F-DD0C80FA448D}"
EndProject
Project("{FAE04EC0-301F-11D3-BF4B-00C04F79EFBC}") = "ReverseString", "ReverseString\ReverseString.csproj", "{B0097033-D9E3-4576-91A9-6C9DC14997A5}"
EndProject
Global
	GlobalSection(SolutionConfigurationPlatforms) = preSolution
		Debug|Any CPU = Debug|Any CPU
		Release|Any CPU = Release|Any CPU
	EndGlobalSection
	GlobalSection(ProjectConfigurationPlatforms) = postSolution
		{041AB2F3-3CCD-40FC-9162-AD4F4BC88EEB}.Debug|Any CPU.ActiveCfg = Debug|Any CPU
		{041AB2F3-3CCD-40FC-9162-AD4F4BC88EEB}.Debug|Any CPU.Build.0 = Debug|Any CPU
		{041AB2F3-3CCD-40FC-9162-AD4F4BC88EEB}.Release|Any CPU.ActiveCfg = Release|Any CPU
		{041AB2F3-3CCD-40FC-9162-AD4F4BC88EEB}.Release|Any CPU.Build.0 = Release|Any CPU
		{2A51E6B5-5CE6-4822-884F-DD0C80FA448D}.Debug|Any CPU.ActiveCfg = Debug|Any CPU
		{2A51E6B5-5CE6-4822-884F-DD0C80FA448D}.Debug|Any CPU.Build.0 = Debug|Any CPU
		{2A51E6B5-5CE6-4822-884F-DD0C80FA448D}.Release|Any CPU.ActiveCfg = Release|Any CPU
		{2A51E6B5-5CE6-4822-884F-DD0C80FA448D}.Release|Any CPU.Build.0 = Release|Any CPU
		{B0097033-D9E3-4576-91A9-6C9DC14997A5}.Debug|Any CPU.ActiveCfg = Debug|Any CPU
		{B0097033-D9E3-4576-91A9-6C9DC14997A5}.Debug|Any CPU.Build.0 = Debug|Any CPU
		{B0097033-D9E3-4576-91A9-6C9DC14997A5}.Release|Any CPU.ActiveCfg = Release|Any CPU
		{B0097033-D9E3-4576-91A9-6C9DC14997A5}.Release|Any CPU.Build.0 = Release|Any CPU
	EndGlobalSection
	GlobalSection(SolutionProperties) = preSolution
		HideSolutionNode = FALSE
	EndGlobalSection
	GlobalSection(NestedProjects) = preSolution
		{041AB2F3-3CCD-40FC-9162-AD4F4BC88EEB} = {A2684E46-5797-4E01-9834-0464155EE2B8}
		{2A51E6B5-5CE6-4822-884F-DD0C80FA448D} = {A2684E46-5797-4E01-9834-0464155EE2B8}
	EndGlobalSection
	GlobalSection(ExtensibilityGlobals) = postSolution
		SolutionGuid = {87C22907-3406-4E44-9E51-C49B1DF173B0}
	EndGlobalSection
EndGlobal
